
Microsoft Visual Studio Solution File, Format Version 12.00
# Visual Studio 2013
VisualStudioVersion = 12.0.40629.0
MinimumVisualStudioVersion = 10.0.40219.1
Project("{FAE04EC0-301F-11D3-BF4B-00C04F79EFBC}") = "Nsb.Client", "Nsb.Client\Nsb.Client.csproj", "{7A259A02-8CE0-4EA2-9F05-9DCFF63BB9A9}"
EndProject
Project("{FAE04EC0-301F-11D3-BF4B-00C04F79EFBC}") = "Nsb.Messages", "Nsb.Messages\Nsb.Messages.csproj", "{0A6D6480-28EE-439E-AD07-7E870A4DB3DD}"
EndProject
Project("{FAE04EC0-301F-11D3-BF4B-00C04F79EFBC}") = "Nsb.PriceCalc", "Nsb.PriceCalc\Nsb.PriceCalc.csproj", "{006D8034-12BF-4E73-8B34-859C684A91F1}"
EndProject
Project("{2150E333-8FDC-42A3-9474-1A3956D46DE8}") = "Handlers", "Handlers", "{7931B783-F194-4B85-B044-518FFED1EA94}"
EndProject
Project("{2150E333-8FDC-42A3-9474-1A3956D46DE8}") = "Messages", "Messages", "{13A6F294-6D2A-4BD1-8BEA-D1C089CAFC18}"
EndProject
Project("{2150E333-8FDC-42A3-9474-1A3956D46DE8}") = "Commands", "Commands", "{4517AC32-842B-4873-9606-C89A4EE65DBE}"
EndProject
Project("{FAE04EC0-301F-11D3-BF4B-00C04F79EFBC}") = "Nsb.Commands", "Nsb.Commands\Nsb.Commands.csproj", "{37681FBF-74D1-48B4-B447-A85F8370F25B}"
EndProject
Project("{2150E333-8FDC-42A3-9474-1A3956D46DE8}") = "Ui", "Ui", "{C125DFBF-4500-4095-8C72-1A6D5E8A2EAC}"
EndProject
Project("{FAE04EC0-301F-11D3-BF4B-00C04F79EFBC}") = "Nsb.Infrastructure", "Nsb.Infrastructure\Nsb.Infrastructure.csproj", "{B58D2D4D-3433-412E-96D4-09C0C6B66BCF}"
EndProject
Project("{2150E333-8FDC-42A3-9474-1A3956D46DE8}") = "Infrastructure", "Infrastructure", "{0215EC99-EA4B-4372-BADA-2A0748805681}"
EndProject
Project("{2150E333-8FDC-42A3-9474-1A3956D46DE8}") = "Sagas", "Sagas", "{3CE18D35-E222-4A90-A8EF-8ADD84CB0A76}"
EndProject
Project("{FAE04EC0-301F-11D3-BF4B-00C04F79EFBC}") = "Nsb.Saga", "Nsb.Saga\Nsb.Saga.csproj", "{FFAF856C-DC10-47C0-BD3C-53DA1428D3DF}"
EndProject
Project("{FAE04EC0-301F-11D3-BF4B-00C04F79EFBC}") = "Nsb.Sales", "Nsb.Sales\Nsb.Sales.csproj", "{E3694426-FBE7-4A56-8D3B-836D071D2401}"
EndProject
Project("{FAE04EC0-301F-11D3-BF4B-00C04F79EFBC}") = "Nsb.Shared", "Nsb.Shared\Nsb.Shared.csproj", "{8415A661-1D1A-46BD-8B6D-E25250889D99}"
EndProject
Project("{FAE04EC0-301F-11D3-BF4B-00C04F79EFBC}") = "Nsb.Dispatch", "Nsb.Dispatch\Nsb.Dispatch.csproj", "{BAD2DED5-5101-457F-A5F1-88C4CB31C7B1}"
EndProject
Global
	GlobalSection(SolutionConfigurationPlatforms) = preSolution
		Debug|Any CPU = Debug|Any CPU
		Release|Any CPU = Release|Any CPU
	EndGlobalSection
	GlobalSection(ProjectConfigurationPlatforms) = postSolution
		{7A259A02-8CE0-4EA2-9F05-9DCFF63BB9A9}.Debug|Any CPU.ActiveCfg = Debug|Any CPU
		{7A259A02-8CE0-4EA2-9F05-9DCFF63BB9A9}.Debug|Any CPU.Build.0 = Debug|Any CPU
		{7A259A02-8CE0-4EA2-9F05-9DCFF63BB9A9}.Release|Any CPU.ActiveCfg = Release|Any CPU
		{7A259A02-8CE0-4EA2-9F05-9DCFF63BB9A9}.Release|Any CPU.Build.0 = Release|Any CPU
		{0A6D6480-28EE-439E-AD07-7E870A4DB3DD}.Debug|Any CPU.ActiveCfg = Debug|Any CPU
		{0A6D6480-28EE-439E-AD07-7E870A4DB3DD}.Debug|Any CPU.Build.0 = Debug|Any CPU
		{0A6D6480-28EE-439E-AD07-7E870A4DB3DD}.Release|Any CPU.ActiveCfg = Release|Any CPU
		{0A6D6480-28EE-439E-AD07-7E870A4DB3DD}.Release|Any CPU.Build.0 = Release|Any CPU
		{006D8034-12BF-4E73-8B34-859C684A91F1}.Debug|Any CPU.ActiveCfg = Debug|Any CPU
		{006D8034-12BF-4E73-8B34-859C684A91F1}.Debug|Any CPU.Build.0 = Debug|Any CPU
		{006D8034-12BF-4E73-8B34-859C684A91F1}.Release|Any CPU.ActiveCfg = Release|Any CPU
		{006D8034-12BF-4E73-8B34-859C684A91F1}.Release|Any CPU.Build.0 = Release|Any CPU
		{37681FBF-74D1-48B4-B447-A85F8370F25B}.Debug|Any CPU.ActiveCfg = Debug|Any CPU
		{37681FBF-74D1-48B4-B447-A85F8370F25B}.Debug|Any CPU.Build.0 = Debug|Any CPU
		{37681FBF-74D1-48B4-B447-A85F8370F25B}.Release|Any CPU.ActiveCfg = Release|Any CPU
		{37681FBF-74D1-48B4-B447-A85F8370F25B}.Release|Any CPU.Build.0 = Release|Any CPU
		{B58D2D4D-3433-412E-96D4-09C0C6B66BCF}.Debug|Any CPU.ActiveCfg = Debug|Any CPU
		{B58D2D4D-3433-412E-96D4-09C0C6B66BCF}.Debug|Any CPU.Build.0 = Debug|Any CPU
		{B58D2D4D-3433-412E-96D4-09C0C6B66BCF}.Release|Any CPU.ActiveCfg = Release|Any CPU
		{B58D2D4D-3433-412E-96D4-09C0C6B66BCF}.Release|Any CPU.Build.0 = Release|Any CPU
		{FFAF856C-DC10-47C0-BD3C-53DA1428D3DF}.Debug|Any CPU.ActiveCfg = Debug|Any CPU
		{FFAF856C-DC10-47C0-BD3C-53DA1428D3DF}.Debug|Any CPU.Build.0 = Debug|Any CPU
		{FFAF856C-DC10-47C0-BD3C-53DA1428D3DF}.Release|Any CPU.ActiveCfg = Release|Any CPU
		{FFAF856C-DC10-47C0-BD3C-53DA1428D3DF}.Release|Any CPU.Build.0 = Release|Any CPU
		{E3694426-FBE7-4A56-8D3B-836D071D2401}.Debug|Any CPU.ActiveCfg = Debug|Any CPU
		{E3694426-FBE7-4A56-8D3B-836D071D2401}.Debug|Any CPU.Build.0 = Debug|Any CPU
		{E3694426-FBE7-4A56-8D3B-836D071D2401}.Release|Any CPU.ActiveCfg = Release|Any CPU
		{E3694426-FBE7-4A56-8D3B-836D071D2401}.Release|Any CPU.Build.0 = Release|Any CPU
		{8415A661-1D1A-46BD-8B6D-E25250889D99}.Debug|Any CPU.ActiveCfg = Debug|Any CPU
		{8415A661-1D1A-46BD-8B6D-E25250889D99}.Debug|Any CPU.Build.0 = Debug|Any CPU
		{8415A661-1D1A-46BD-8B6D-E25250889D99}.Release|Any CPU.ActiveCfg = Release|Any CPU
		{8415A661-1D1A-46BD-8B6D-E25250889D99}.Release|Any CPU.Build.0 = Release|Any CPU
		{BAD2DED5-5101-457F-A5F1-88C4CB31C7B1}.Debug|Any CPU.ActiveCfg = Debug|Any CPU
		{BAD2DED5-5101-457F-A5F1-88C4CB31C7B1}.Debug|Any CPU.Build.0 = Debug|Any CPU
		{BAD2DED5-5101-457F-A5F1-88C4CB31C7B1}.Release|Any CPU.ActiveCfg = Release|Any CPU
		{BAD2DED5-5101-457F-A5F1-88C4CB31C7B1}.Release|Any CPU.Build.0 = Release|Any CPU
	EndGlobalSection
	GlobalSection(SolutionProperties) = preSolution
		HideSolutionNode = FALSE
	EndGlobalSection
	GlobalSection(NestedProjects) = preSolution
		{7A259A02-8CE0-4EA2-9F05-9DCFF63BB9A9} = {C125DFBF-4500-4095-8C72-1A6D5E8A2EAC}
		{0A6D6480-28EE-439E-AD07-7E870A4DB3DD} = {13A6F294-6D2A-4BD1-8BEA-D1C089CAFC18}
		{006D8034-12BF-4E73-8B34-859C684A91F1} = {7931B783-F194-4B85-B044-518FFED1EA94}
		{37681FBF-74D1-48B4-B447-A85F8370F25B} = {4517AC32-842B-4873-9606-C89A4EE65DBE}
		{B58D2D4D-3433-412E-96D4-09C0C6B66BCF} = {0215EC99-EA4B-4372-BADA-2A0748805681}
		{FFAF856C-DC10-47C0-BD3C-53DA1428D3DF} = {3CE18D35-E222-4A90-A8EF-8ADD84CB0A76}
		{E3694426-FBE7-4A56-8D3B-836D071D2401} = {7931B783-F194-4B85-B044-518FFED1EA94}
		{8415A661-1D1A-46BD-8B6D-E25250889D99} = {0215EC99-EA4B-4372-BADA-2A0748805681}
		{BAD2DED5-5101-457F-A5F1-88C4CB31C7B1} = {7931B783-F194-4B85-B044-518FFED1EA94}
	EndGlobalSection
EndGlobal
